Microsoft Visual Studio Solution File, Format Version 12.00
# Visual Studio Version 17
VisualStudioVersion = 17.14.35806.103
MinimumVisualStudioVersion = 10.0.40219.1
Project("{FAE04EC0-301F-11D3-BF4B-00C04F79EFBC}") = "ConfigurationApi", "ConfigurationApi.csproj", "{98B9A808-DDEC-41C8-B4A7-F79F2E684782}"
EndProject
Global
	GlobalSection(SolutionConfigurationPlatforms) = preSolution
		Debug|Any CPU = Debug|Any CPU
		Release|Any CPU = Release|Any CPU
	EndGlobalSection
	GlobalSection(ProjectConfigurationPlatforms) = postSolution
		{98B9A808-DDEC-41C8-B4A7-F79F2E684782}.Debug|Any CPU.ActiveCfg = Debug|Any CPU
		{98B9A808-DDEC-41C8-B4A7-F79F2E684782}.Debug|Any CPU.Build.0 = Debug|Any CPU
		{98B9A808-DDEC-41C8-B4A7-F79F2E684782}.Release|Any CPU.ActiveCfg = Release|Any CPU
		{98B9A808-DDEC-41C8-B4A7-F79F2E684782}.Release|Any CPU.Build.0 = Release|Any CPU
	EndGlobalSection
	GlobalSection(SolutionProperties) = preSolution
		HideSolutionNode = FALSE
	EndGlobalSection
	GlobalSection(ExtensibilityGlobals) = postSolution
		SolutionGuid = {8964C445-5D3B-487D-A4AE-F3D85BC0636A}
	EndGlobalSection
EndGlobal
