
Microsoft Visual Studio Solution File, Format Version 12.00
# Visual Studio Version 17
VisualStudioVersion = 17.7.34031.279
MinimumVisualStudioVersion = 10.0.40219.1
Project("{FAE04EC0-301F-11D3-BF4B-00C04F79EFBC}") = "LegacyPrint", "LegacyPrint.csproj", "{6E9C2FC0-37FA-4965-886F-E01A787DA063}"
EndProject
Global
	GlobalSection(SolutionConfigurationPlatforms) = preSolution
		Debug|Any CPU = Debug|Any CPU
		Release|Any CPU = Release|Any CPU
	EndGlobalSection
	GlobalSection(ProjectConfigurationPlatforms) = postSolution
		{6E9C2FC0-37FA-4965-886F-E01A787DA063}.Debug|Any CPU.ActiveCfg = Debug|Any CPU
		{6E9C2FC0-37FA-4965-886F-E01A787DA063}.Debug|Any CPU.Build.0 = Debug|Any CPU
		{6E9C2FC0-37FA-4965-886F-E01A787DA063}.Release|Any CPU.ActiveCfg = Release|Any CPU
		{6E9C2FC0-37FA-4965-886F-E01A787DA063}.Release|Any CPU.Build.0 = Release|Any CPU
	EndGlobalSection
	GlobalSection(SolutionProperties) = preSolution
		HideSolutionNode = FALSE
	EndGlobalSection
	GlobalSection(ExtensibilityGlobals) = postSolution
		SolutionGuid = {3CB333AE-7271-4592-A001-3AC3D3F19430}
	EndGlobalSection
EndGlobal
