
Microsoft Visual Studio Solution File, Format Version 12.00
Project("{FAE04EC0-301F-11D3-BF4B-00C04F79EFBC}") = "ScalarApi", "ScalarApi.csproj", "{D77D9960-6BA5-4350-B3D8-2AC41AACD8B4}"
EndProject
Global
	GlobalSection(SolutionConfigurationPlatforms) = preSolution
		Debug|Any CPU = Debug|Any CPU
		Release|Any CPU = Release|Any CPU
	EndGlobalSection
	GlobalSection(ProjectConfigurationPlatforms) = postSolution
		{D77D9960-6BA5-4350-B3D8-2AC41AACD8B4}.Debug|Any CPU.ActiveCfg = Debug|Any CPU
		{D77D9960-6BA5-4350-B3D8-2AC41AACD8B4}.Debug|Any CPU.Build.0 = Debug|Any CPU
		{D77D9960-6BA5-4350-B3D8-2AC41AACD8B4}.Release|Any CPU.ActiveCfg = Release|Any CPU
		{D77D9960-6BA5-4350-B3D8-2AC41AACD8B4}.Release|Any CPU.Build.0 = Release|Any CPU
	EndGlobalSection
EndGlobal
