Microsoft Visual Studio Solution File, Format Version 12.00
# Visual Studio Version 17
VisualStudioVersion = 17.13.35931.197
MinimumVisualStudioVersion = 10.0.40219.1
Project("{FAE04EC0-301F-11D3-BF4B-00C04F79EFBC}") = "CARP.Domain", "src\CARP.Domain\CARP.Domain.csproj", "{346E7269-C947-4368-8C71-7B8A67869B8C}"
EndProject
Project("{2150E333-8FDC-42A3-9474-1A3956D46DE8}") = "Source", "Source", "{02EA681E-C7D8-13C7-8484-4AC65E1B71E8}"
EndProject
Project("{FAE04EC0-301F-11D3-BF4B-00C04F79EFBC}") = "CARP.Application", "src\CARP.Application\CARP.Application.csproj", "{BF87D21A-DB45-4C12-AD0E-1F4E25F33F27}"
EndProject
Project("{FAE04EC0-301F-11D3-BF4B-00C04F79EFBC}") = "CARP.Api", "src\CARP.Api\CARP.Api.csproj", "{4FCF01A9-3ED1-42A2-9AA3-7D8E5B61C3C3}"
EndProject
Project("{FAE04EC0-301F-11D3-BF4B-00C04F79EFBC}") = "CARP.Infrastructure", "src\CARP.Infrastructure\CARP.Infrastructure.csproj", "{8E4636A7-6B39-45B3-A401-29C7F72AD1B1}"
EndProject
Global
	GlobalSection(SolutionConfigurationPlatforms) = preSolution
		Debug|Any CPU = Debug|Any CPU
		Release|Any CPU = Release|Any CPU
	EndGlobalSection
	GlobalSection(ProjectConfigurationPlatforms) = postSolution
		{346E7269-C947-4368-8C71-7B8A67869B8C}.Debug|Any CPU.ActiveCfg = Debug|Any CPU
		{346E7269-C947-4368-8C71-7B8A67869B8C}.Debug|Any CPU.Build.0 = Debug|Any CPU
		{346E7269-C947-4368-8C71-7B8A67869B8C}.Release|Any CPU.ActiveCfg = Release|Any CPU
		{346E7269-C947-4368-8C71-7B8A67869B8C}.Release|Any CPU.Build.0 = Release|Any CPU
		{BF87D21A-DB45-4C12-AD0E-1F4E25F33F27}.Debug|Any CPU.ActiveCfg = Debug|Any CPU
		{BF87D21A-DB45-4C12-AD0E-1F4E25F33F27}.Debug|Any CPU.Build.0 = Debug|Any CPU
		{BF87D21A-DB45-4C12-AD0E-1F4E25F33F27}.Release|Any CPU.ActiveCfg = Release|Any CPU
		{BF87D21A-DB45-4C12-AD0E-1F4E25F33F27}.Release|Any CPU.Build.0 = Release|Any CPU
		{4FCF01A9-3ED1-42A2-9AA3-7D8E5B61C3C3}.Debug|Any CPU.ActiveCfg = Debug|Any CPU
		{4FCF01A9-3ED1-42A2-9AA3-7D8E5B61C3C3}.Debug|Any CPU.Build.0 = Debug|Any CPU
		{4FCF01A9-3ED1-42A2-9AA3-7D8E5B61C3C3}.Release|Any CPU.ActiveCfg = Release|Any CPU
		{4FCF01A9-3ED1-42A2-9AA3-7D8E5B61C3C3}.Release|Any CPU.Build.0 = Release|Any CPU
		{8E4636A7-6B39-45B3-A401-29C7F72AD1B1}.Debug|Any CPU.ActiveCfg = Debug|Any CPU
		{8E4636A7-6B39-45B3-A401-29C7F72AD1B1}.Debug|Any CPU.Build.0 = Debug|Any CPU
		{8E4636A7-6B39-45B3-A401-29C7F72AD1B1}.Release|Any CPU.ActiveCfg = Release|Any CPU
		{8E4636A7-6B39-45B3-A401-29C7F72AD1B1}.Release|Any CPU.Build.0 = Release|Any CPU
	EndGlobalSection
	GlobalSection(SolutionProperties) = preSolution
		HideSolutionNode = FALSE
	EndGlobalSection
	GlobalSection(NestedProjects) = preSolution
		{346E7269-C947-4368-8C71-7B8A67869B8C} = {02EA681E-C7D8-13C7-8484-4AC65E1B71E8}
		{BF87D21A-DB45-4C12-AD0E-1F4E25F33F27} = {02EA681E-C7D8-13C7-8484-4AC65E1B71E8}
		{4FCF01A9-3ED1-42A2-9AA3-7D8E5B61C3C3} = {02EA681E-C7D8-13C7-8484-4AC65E1B71E8}
		{8E4636A7-6B39-45B3-A401-29C7F72AD1B1} = {02EA681E-C7D8-13C7-8484-4AC65E1B71E8}
	EndGlobalSection
	GlobalSection(ExtensibilityGlobals) = postSolution
		SolutionGuid = {F3EAF737-F007-4A09-B7AF-56A1C5EB0D8D}
	EndGlobalSection
EndGlobal
