
Microsoft Visual Studio Solution File, Format Version 12.00
# Visual Studio Version 17
VisualStudioVersion = 17.7.34031.279
MinimumVisualStudioVersion = 10.0.40219.1
Project("{FAE04EC0-301F-11D3-BF4B-00C04F79EFBC}") = "ConsultaCep.WebUI", "src\ConsultaCep.WebUI\ConsultaCep.WebUI.csproj", "{27196A33-BF6D-44B0-AC2F-60466BE00AA9}"
EndProject
Project("{E53339B2-1760-4266-BCC7-CA923CBCF16C}") = "docker-compose", "docker-compose.dcproj", "{15BF048A-D3B7-4435-8FC9-92C1ADB23989}"
EndProject
Global
	GlobalSection(SolutionConfigurationPlatforms) = preSolution
		Debug|Any CPU = Debug|Any CPU
		Release|Any CPU = Release|Any CPU
	EndGlobalSection
	GlobalSection(ProjectConfigurationPlatforms) = postSolution
		{27196A33-BF6D-44B0-AC2F-60466BE00AA9}.Debug|Any CPU.ActiveCfg = Debug|Any CPU
		{27196A33-BF6D-44B0-AC2F-60466BE00AA9}.Debug|Any CPU.Build.0 = Debug|Any CPU
		{27196A33-BF6D-44B0-AC2F-60466BE00AA9}.Release|Any CPU.ActiveCfg = Release|Any CPU
		{27196A33-BF6D-44B0-AC2F-60466BE00AA9}.Release|Any CPU.Build.0 = Release|Any CPU
		{15BF048A-D3B7-4435-8FC9-92C1ADB23989}.Debug|Any CPU.ActiveCfg = Debug|Any CPU
		{15BF048A-D3B7-4435-8FC9-92C1ADB23989}.Debug|Any CPU.Build.0 = Debug|Any CPU
		{15BF048A-D3B7-4435-8FC9-92C1ADB23989}.Release|Any CPU.ActiveCfg = Release|Any CPU
		{15BF048A-D3B7-4435-8FC9-92C1ADB23989}.Release|Any CPU.Build.0 = Release|Any CPU
	EndGlobalSection
	GlobalSection(SolutionProperties) = preSolution
		HideSolutionNode = FALSE
	EndGlobalSection
	GlobalSection(ExtensibilityGlobals) = postSolution
		SolutionGuid = {C6378BFB-ACEC-453E-93EA-8AC30AF33786}
	EndGlobalSection
EndGlobal
