
Microsoft Visual Studio Solution File, Format Version 12.00
# Visual Studio Version 17
VisualStudioVersion = 17.7.34202.233
MinimumVisualStudioVersion = 10.0.40219.1
Project("{FAE04EC0-301F-11D3-BF4B-00C04F79EFBC}") = "UI", "UI\UI.csproj", "{33552ECD-2C0A-4949-AE2A-2C8C252AE810}"
EndProject
Project("{FAE04EC0-301F-11D3-BF4B-00C04F79EFBC}") = "Domain", "Domain\Domain.csproj", "{3024B55F-1A9C-4ACE-8106-7C91841429DA}"
EndProject
Project("{FAE04EC0-301F-11D3-BF4B-00C04F79EFBC}") = "Data", "Data\Data.csproj", "{FEA1F20B-D59E-4A3B-BEA6-9E0A4394B3EE}"
EndProject
Global
	GlobalSection(SolutionConfigurationPlatforms) = preSolution
		Debug|Any CPU = Debug|Any CPU
		Release|Any CPU = Release|Any CPU
	EndGlobalSection
	GlobalSection(ProjectConfigurationPlatforms) = postSolution
		{33552ECD-2C0A-4949-AE2A-2C8C252AE810}.Debug|Any CPU.ActiveCfg = Debug|Any CPU
		{33552ECD-2C0A-4949-AE2A-2C8C252AE810}.Debug|Any CPU.Build.0 = Debug|Any CPU
		{33552ECD-2C0A-4949-AE2A-2C8C252AE810}.Release|Any CPU.ActiveCfg = Release|Any CPU
		{33552ECD-2C0A-4949-AE2A-2C8C252AE810}.Release|Any CPU.Build.0 = Release|Any CPU
		{3024B55F-1A9C-4ACE-8106-7C91841429DA}.Debug|Any CPU.ActiveCfg = Debug|Any CPU
		{3024B55F-1A9C-4ACE-8106-7C91841429DA}.Debug|Any CPU.Build.0 = Debug|Any CPU
		{3024B55F-1A9C-4ACE-8106-7C91841429DA}.Release|Any CPU.ActiveCfg = Release|Any CPU
		{3024B55F-1A9C-4ACE-8106-7C91841429DA}.Release|Any CPU.Build.0 = Release|Any CPU
		{FEA1F20B-D59E-4A3B-BEA6-9E0A4394B3EE}.Debug|Any CPU.ActiveCfg = Debug|Any CPU
		{FEA1F20B-D59E-4A3B-BEA6-9E0A4394B3EE}.Debug|Any CPU.Build.0 = Debug|Any CPU
		{FEA1F20B-D59E-4A3B-BEA6-9E0A4394B3EE}.Release|Any CPU.ActiveCfg = Release|Any CPU
		{FEA1F20B-D59E-4A3B-BEA6-9E0A4394B3EE}.Release|Any CPU.Build.0 = Release|Any CPU
	EndGlobalSection
	GlobalSection(SolutionProperties) = preSolution
		HideSolutionNode = FALSE
	EndGlobalSection
	GlobalSection(ExtensibilityGlobals) = postSolution
		SolutionGuid = {8539B795-DC64-4FD0-8FE2-5A0B1D8E7A7B}
	EndGlobalSection
EndGlobal
