
Microsoft Visual Studio Solution File, Format Version 12.00
# Visual Studio Version 17
VisualStudioVersion = 17.5.33516.290
MinimumVisualStudioVersion = 10.0.40219.1
Project("{9A19103F-16F7-4668-BE54-9A1E7A4F7556}") = "Calculadora", "Calculadora.csproj", "{9C50FD11-2401-4D95-A65C-F28319D2B792}"
EndProject
Global
	GlobalSection(SolutionConfigurationPlatforms) = preSolution
		Debug|Any CPU = Debug|Any CPU
		Release|Any CPU = Release|Any CPU
	EndGlobalSection
	GlobalSection(ProjectConfigurationPlatforms) = postSolution
		{9C50FD11-2401-4D95-A65C-F28319D2B792}.Debug|Any CPU.ActiveCfg = Debug|Any CPU
		{9C50FD11-2401-4D95-A65C-F28319D2B792}.Debug|Any CPU.Build.0 = Debug|Any CPU
		{9C50FD11-2401-4D95-A65C-F28319D2B792}.Release|Any CPU.ActiveCfg = Release|Any CPU
		{9C50FD11-2401-4D95-A65C-F28319D2B792}.Release|Any CPU.Build.0 = Release|Any CPU
	EndGlobalSection
	GlobalSection(SolutionProperties) = preSolution
		HideSolutionNode = FALSE
	EndGlobalSection
	GlobalSection(ExtensibilityGlobals) = postSolution
		SolutionGuid = {C9074DE5-9BAD-4826-AAE5-EAAAD013F8AA}
	EndGlobalSection
EndGlobal
