
Microsoft Visual Studio Solution File, Format Version 12.00
# Visual Studio Version 17
VisualStudioVersion = 17.6.33712.159
MinimumVisualStudioVersion = 10.0.40219.1
Project("{FAE04EC0-301F-11D3-BF4B-00C04F79EFBC}") = "Api", "Api\Api.csproj", "{5B15AFD1-9FCD-402F-8A66-EEF29922F0CA}"
EndProject
Global
	GlobalSection(SolutionConfigurationPlatforms) = preSolution
		Debug|Any CPU = Debug|Any CPU
		Release|Any CPU = Release|Any CPU
	EndGlobalSection
	GlobalSection(ProjectConfigurationPlatforms) = postSolution
		{5B15AFD1-9FCD-402F-8A66-EEF29922F0CA}.Debug|Any CPU.ActiveCfg = Debug|Any CPU
		{5B15AFD1-9FCD-402F-8A66-EEF29922F0CA}.Debug|Any CPU.Build.0 = Debug|Any CPU
		{5B15AFD1-9FCD-402F-8A66-EEF29922F0CA}.Release|Any CPU.ActiveCfg = Release|Any CPU
		{5B15AFD1-9FCD-402F-8A66-EEF29922F0CA}.Release|Any CPU.Build.0 = Release|Any CPU
	EndGlobalSection
	GlobalSection(SolutionProperties) = preSolution
		HideSolutionNode = FALSE
	EndGlobalSection
	GlobalSection(ExtensibilityGlobals) = postSolution
		SolutionGuid = {3BBAEF2F-3966-4874-848B-4B511293350A}
	EndGlobalSection
EndGlobal
