
Microsoft Visual Studio Solution File, Format Version 12.00
# Visual Studio Version 17
VisualStudioVersion = 17.5.33424.131
MinimumVisualStudioVersion = 10.0.40219.1
Project("{FAE04EC0-301F-11D3-BF4B-00C04F79EFBC}") = "TodoList", "TodoList.csproj", "{AEDC37B9-4544-4E65-A621-379D92A07D91}"
EndProject
Global
	GlobalSection(SolutionConfigurationPlatforms) = preSolution
		Debug|Any CPU = Debug|Any CPU
		Release|Any CPU = Release|Any CPU
	EndGlobalSection
	GlobalSection(ProjectConfigurationPlatforms) = postSolution
		{AEDC37B9-4544-4E65-A621-379D92A07D91}.Debug|Any CPU.ActiveCfg = Debug|Any CPU
		{AEDC37B9-4544-4E65-A621-379D92A07D91}.Debug|Any CPU.Build.0 = Debug|Any CPU
		{AEDC37B9-4544-4E65-A621-379D92A07D91}.Release|Any CPU.ActiveCfg = Release|Any CPU
		{AEDC37B9-4544-4E65-A621-379D92A07D91}.Release|Any CPU.Build.0 = Release|Any CPU
	EndGlobalSection
	GlobalSection(SolutionProperties) = preSolution
		HideSolutionNode = FALSE
	EndGlobalSection
	GlobalSection(ExtensibilityGlobals) = postSolution
		SolutionGuid = {CDDF658A-AEB5-4777-9FD1-889C337B85CE}
	EndGlobalSection
EndGlobal
