
Microsoft Visual Studio Solution File, Format Version 12.00
# Visual Studio Version 17
VisualStudioVersion = 17.7.34024.191
MinimumVisualStudioVersion = 10.0.40219.1
Project("{FAE04EC0-301F-11D3-BF4B-00C04F79EFBC}") = "GptReviwer_Api", "GptReviwer_Api\GptReviwer_Api.csproj", "{B4D282A3-A87B-46F2-B9BB-4065C91FCAD7}"
EndProject
Global
	GlobalSection(SolutionConfigurationPlatforms) = preSolution
		Debug|Any CPU = Debug|Any CPU
		Release|Any CPU = Release|Any CPU
	EndGlobalSection
	GlobalSection(ProjectConfigurationPlatforms) = postSolution
		{B4D282A3-A87B-46F2-B9BB-4065C91FCAD7}.Debug|Any CPU.ActiveCfg = Debug|Any CPU
		{B4D282A3-A87B-46F2-B9BB-4065C91FCAD7}.Debug|Any CPU.Build.0 = Debug|Any CPU
		{B4D282A3-A87B-46F2-B9BB-4065C91FCAD7}.Release|Any CPU.ActiveCfg = Release|Any CPU
		{B4D282A3-A87B-46F2-B9BB-4065C91FCAD7}.Release|Any CPU.Build.0 = Release|Any CPU
	EndGlobalSection
	GlobalSection(SolutionProperties) = preSolution
		HideSolutionNode = FALSE
	EndGlobalSection
	GlobalSection(ExtensibilityGlobals) = postSolution
		SolutionGuid = {9F4826FF-857E-40FB-BA24-ABDC099459FE}
	EndGlobalSection
EndGlobal
