
Microsoft Visual Studio Solution File, Format Version 12.00
# Visual Studio Version 17
VisualStudioVersion = 17.6.33829.357
MinimumVisualStudioVersion = 10.0.40219.1
Project("{9A19103F-16F7-4668-BE54-9A1E7A4F7556}") = "MagicVilla_VillaAPI", "MagicVilla_VillaAPI\MagicVilla_VillaAPI.csproj", "{B74CF8E3-0B4A-4C03-B9A6-7B0B83ED4774}"
EndProject
Project("{9A19103F-16F7-4668-BE54-9A1E7A4F7556}") = "MagicVilla_Web", "MagicVilla_Web\MagicVilla_Web.csproj", "{11B7606D-431E-4900-9DB1-2ED2CF3D5E03}"
EndProject
Project("{9A19103F-16F7-4668-BE54-9A1E7A4F7556}") = "MagicVilla_Utility", "MagicVilla_Utility\MagicVilla_Utility.csproj", "{47032EA5-0097-4F2F-BA39-AC91F39AEE56}"
EndProject
Project("{2150E333-8FDC-42A3-9474-1A3956D46DE8}") = "Solution Items", "Solution Items", "{600343F9-A3B8-4DAA-9AF4-3118FF040F91}"
	ProjectSection(SolutionItems) = preProject
		.editorconfig = .editorconfig
	EndProjectSection
EndProject
Global
	GlobalSection(SolutionConfigurationPlatforms) = preSolution
		Debug|Any CPU = Debug|Any CPU
		Release|Any CPU = Release|Any CPU
	EndGlobalSection
	GlobalSection(ProjectConfigurationPlatforms) = postSolution
		{B74CF8E3-0B4A-4C03-B9A6-7B0B83ED4774}.Debug|Any CPU.ActiveCfg = Debug|Any CPU
		{B74CF8E3-0B4A-4C03-B9A6-7B0B83ED4774}.Debug|Any CPU.Build.0 = Debug|Any CPU
		{B74CF8E3-0B4A-4C03-B9A6-7B0B83ED4774}.Release|Any CPU.ActiveCfg = Release|Any CPU
		{B74CF8E3-0B4A-4C03-B9A6-7B0B83ED4774}.Release|Any CPU.Build.0 = Release|Any CPU
		{11B7606D-431E-4900-9DB1-2ED2CF3D5E03}.Debug|Any CPU.ActiveCfg = Debug|Any CPU
		{11B7606D-431E-4900-9DB1-2ED2CF3D5E03}.Debug|Any CPU.Build.0 = Debug|Any CPU
		{11B7606D-431E-4900-9DB1-2ED2CF3D5E03}.Release|Any CPU.ActiveCfg = Release|Any CPU
		{11B7606D-431E-4900-9DB1-2ED2CF3D5E03}.Release|Any CPU.Build.0 = Release|Any CPU
		{47032EA5-0097-4F2F-BA39-AC91F39AEE56}.Debug|Any CPU.ActiveCfg = Debug|Any CPU
		{47032EA5-0097-4F2F-BA39-AC91F39AEE56}.Debug|Any CPU.Build.0 = Debug|Any CPU
		{47032EA5-0097-4F2F-BA39-AC91F39AEE56}.Release|Any CPU.ActiveCfg = Release|Any CPU
		{47032EA5-0097-4F2F-BA39-AC91F39AEE56}.Release|Any CPU.Build.0 = Release|Any CPU
	EndGlobalSection
	GlobalSection(SolutionProperties) = preSolution
		HideSolutionNode = FALSE
	EndGlobalSection
	GlobalSection(ExtensibilityGlobals) = postSolution
		SolutionGuid = {5D137737-F5C9-4FDB-802F-5905D5B1A9CF}
	EndGlobalSection
EndGlobal
