Microsoft Visual Studio Solution File, Format Version 12.00
# Visual Studio Version 17
VisualStudioVersion = 17.12.35527.113
MinimumVisualStudioVersion = 10.0.40219.1
Project("{2150E333-8FDC-42A3-9474-1A3956D46DE8}") = "Source", "Source", "{EB699512-0086-468A-99BB-9EFF8E9A58A9}"
EndProject
Project("{FAE04EC0-301F-11D3-BF4B-00C04F79EFBC}") = "UsersHub.Api", "src\UsersHub.Api\UsersHub.Api.csproj", "{008A497A-5C21-4EA4-A033-F312321A6AF5}"
EndProject
Project("{FAE04EC0-301F-11D3-BF4B-00C04F79EFBC}") = "UsersHub.Domain", "src\UsersHub.Domain\UsersHub.Domain.csproj", "{044369FC-7B1E-4D66-A8C8-397B60C45126}"
EndProject
Project("{FAE04EC0-301F-11D3-BF4B-00C04F79EFBC}") = "UsersHub.Infrastructure", "src\UsersHub.Infrastructure\UsersHub.Infrastructure.csproj", "{5307D63A-D187-4489-A055-7C7F6268FF4E}"
EndProject
Global
	GlobalSection(SolutionConfigurationPlatforms) = preSolution
		Debug|Any CPU = Debug|Any CPU
		Release|Any CPU = Release|Any CPU
	EndGlobalSection
	GlobalSection(ProjectConfigurationPlatforms) = postSolution
		{008A497A-5C21-4EA4-A033-F312321A6AF5}.Debug|Any CPU.ActiveCfg = Debug|Any CPU
		{008A497A-5C21-4EA4-A033-F312321A6AF5}.Debug|Any CPU.Build.0 = Debug|Any CPU
		{008A497A-5C21-4EA4-A033-F312321A6AF5}.Release|Any CPU.ActiveCfg = Release|Any CPU
		{008A497A-5C21-4EA4-A033-F312321A6AF5}.Release|Any CPU.Build.0 = Release|Any CPU
		{044369FC-7B1E-4D66-A8C8-397B60C45126}.Debug|Any CPU.ActiveCfg = Debug|Any CPU
		{044369FC-7B1E-4D66-A8C8-397B60C45126}.Debug|Any CPU.Build.0 = Debug|Any CPU
		{044369FC-7B1E-4D66-A8C8-397B60C45126}.Release|Any CPU.ActiveCfg = Release|Any CPU
		{044369FC-7B1E-4D66-A8C8-397B60C45126}.Release|Any CPU.Build.0 = Release|Any CPU
		{5307D63A-D187-4489-A055-7C7F6268FF4E}.Debug|Any CPU.ActiveCfg = Debug|Any CPU
		{5307D63A-D187-4489-A055-7C7F6268FF4E}.Debug|Any CPU.Build.0 = Debug|Any CPU
		{5307D63A-D187-4489-A055-7C7F6268FF4E}.Release|Any CPU.ActiveCfg = Release|Any CPU
		{5307D63A-D187-4489-A055-7C7F6268FF4E}.Release|Any CPU.Build.0 = Release|Any CPU
	EndGlobalSection
	GlobalSection(SolutionProperties) = preSolution
		HideSolutionNode = FALSE
	EndGlobalSection
	GlobalSection(NestedProjects) = preSolution
		{008A497A-5C21-4EA4-A033-F312321A6AF5} = {EB699512-0086-468A-99BB-9EFF8E9A58A9}
		{044369FC-7B1E-4D66-A8C8-397B60C45126} = {EB699512-0086-468A-99BB-9EFF8E9A58A9}
		{5307D63A-D187-4489-A055-7C7F6268FF4E} = {EB699512-0086-468A-99BB-9EFF8E9A58A9}
	EndGlobalSection
EndGlobal
