Microsoft Visual Studio Solution File, Format Version 12.00
# Visual Studio Version 17
VisualStudioVersion = 17.12.35707.178
MinimumVisualStudioVersion = 10.0.40219.1
Project("{FAE04EC0-301F-11D3-BF4B-00C04F79EFBC}") = "United", "United\United.csproj", "{9BEA6B0C-AD05-43B1-A19B-9F4F356BE526}"
EndProject
Project("{FAE04EC0-301F-11D3-BF4B-00C04F79EFBC}") = "United.Client", "United.Client\United.Client.csproj", "{080291DC-59FD-4A0A-A39C-B1FD85CE8519}"
EndProject
Global
	GlobalSection(SolutionConfigurationPlatforms) = preSolution
		Debug|Any CPU = Debug|Any CPU
		Release|Any CPU = Release|Any CPU
	EndGlobalSection
	GlobalSection(ProjectConfigurationPlatforms) = postSolution
		{9BEA6B0C-AD05-43B1-A19B-9F4F356BE526}.Debug|Any CPU.ActiveCfg = Debug|Any CPU
		{9BEA6B0C-AD05-43B1-A19B-9F4F356BE526}.Debug|Any CPU.Build.0 = Debug|Any CPU
		{9BEA6B0C-AD05-43B1-A19B-9F4F356BE526}.Release|Any CPU.ActiveCfg = Release|Any CPU
		{9BEA6B0C-AD05-43B1-A19B-9F4F356BE526}.Release|Any CPU.Build.0 = Release|Any CPU
		{080291DC-59FD-4A0A-A39C-B1FD85CE8519}.Debug|Any CPU.ActiveCfg = Debug|Any CPU
		{080291DC-59FD-4A0A-A39C-B1FD85CE8519}.Debug|Any CPU.Build.0 = Debug|Any CPU
		{080291DC-59FD-4A0A-A39C-B1FD85CE8519}.Release|Any CPU.ActiveCfg = Release|Any CPU
		{080291DC-59FD-4A0A-A39C-B1FD85CE8519}.Release|Any CPU.Build.0 = Release|Any CPU
	EndGlobalSection
	GlobalSection(SolutionProperties) = preSolution
		HideSolutionNode = FALSE
	EndGlobalSection
EndGlobal
